
Microsoft Visual Studio Solution File, Format Version 12.00
# Visual Studio Version 16
VisualStudioVersion = 16.0.29201.188
MinimumVisualStudioVersion = 10.0.40219.1
Project("{FAE04EC0-301F-11D3-BF4B-00C04F79EFBC}") = "COPR16_APP", "CM_APPLICATIONS\COPR16_APP.csproj", "{F8EAED45-EB20-415D-8B3F-03AE84EE48D3}"
EndProject
Project("{FAE04EC0-301F-11D3-BF4B-00C04F79EFBC}") = "COPR16_API", "CM_API\COPR16_API.csproj", "{095C6114-AA52-4ED5-8B96-5DBE27FA75CD}"
EndProject
Global
	GlobalSection(SolutionConfigurationPlatforms) = preSolution
		Debug|Any CPU = Debug|Any CPU
		Debug|x64 = Debug|x64
		Debug|x86 = Debug|x86
		Release|Any CPU = Release|Any CPU
		Release|x64 = Release|x64
		Release|x86 = Release|x86
	EndGlobalSection
	GlobalSection(ProjectConfigurationPlatforms) = postSolution
		{F8EAED45-EB20-415D-8B3F-03AE84EE48D3}.Debug|Any CPU.ActiveCfg = Debug|Any CPU
		{F8EAED45-EB20-415D-8B3F-03AE84EE48D3}.Debug|Any CPU.Build.0 = Debug|Any CPU
		{F8EAED45-EB20-415D-8B3F-03AE84EE48D3}.Debug|x64.ActiveCfg = Debug|x64
		{F8EAED45-EB20-415D-8B3F-03AE84EE48D3}.Debug|x64.Build.0 = Debug|x64
		{F8EAED45-EB20-415D-8B3F-03AE84EE48D3}.Debug|x86.ActiveCfg = Debug|x86
		{F8EAED45-EB20-415D-8B3F-03AE84EE48D3}.Debug|x86.Build.0 = Debug|x86
		{F8EAED45-EB20-415D-8B3F-03AE84EE48D3}.Release|Any CPU.ActiveCfg = Release|Any CPU
		{F8EAED45-EB20-415D-8B3F-03AE84EE48D3}.Release|Any CPU.Build.0 = Release|Any CPU
		{F8EAED45-EB20-415D-8B3F-03AE84EE48D3}.Release|x64.ActiveCfg = Release|x64
		{F8EAED45-EB20-415D-8B3F-03AE84EE48D3}.Release|x64.Build.0 = Release|x64
		{F8EAED45-EB20-415D-8B3F-03AE84EE48D3}.Release|x86.ActiveCfg = Release|x86
		{F8EAED45-EB20-415D-8B3F-03AE84EE48D3}.Release|x86.Build.0 = Release|x86
		{095C6114-AA52-4ED5-8B96-5DBE27FA75CD}.Debug|Any CPU.ActiveCfg = Debug|Any CPU
		{095C6114-AA52-4ED5-8B96-5DBE27FA75CD}.Debug|Any CPU.Build.0 = Debug|Any CPU
		{095C6114-AA52-4ED5-8B96-5DBE27FA75CD}.Debug|x64.ActiveCfg = Debug|Any CPU
		{095C6114-AA52-4ED5-8B96-5DBE27FA75CD}.Debug|x64.Build.0 = Debug|Any CPU
		{095C6114-AA52-4ED5-8B96-5DBE27FA75CD}.Debug|x86.ActiveCfg = Debug|Any CPU
		{095C6114-AA52-4ED5-8B96-5DBE27FA75CD}.Debug|x86.Build.0 = Debug|Any CPU
		{095C6114-AA52-4ED5-8B96-5DBE27FA75CD}.Release|Any CPU.ActiveCfg = Release|Any CPU
		{095C6114-AA52-4ED5-8B96-5DBE27FA75CD}.Release|Any CPU.Build.0 = Release|Any CPU
		{095C6114-AA52-4ED5-8B96-5DBE27FA75CD}.Release|x64.ActiveCfg = Release|Any CPU
		{095C6114-AA52-4ED5-8B96-5DBE27FA75CD}.Release|x64.Build.0 = Release|Any CPU
		{095C6114-AA52-4ED5-8B96-5DBE27FA75CD}.Release|x86.ActiveCfg = Release|Any CPU
		{095C6114-AA52-4ED5-8B96-5DBE27FA75CD}.Release|x86.Build.0 = Release|Any CPU
	EndGlobalSection
	GlobalSection(SolutionProperties) = preSolution
		HideSolutionNode = FALSE
	EndGlobalSection
	GlobalSection(ExtensibilityGlobals) = postSolution
		SolutionGuid = {B2C28D41-FAEB-4E42-B4BF-B60321BEE9B1}
	EndGlobalSection
EndGlobal
